
Microsoft Visual Studio Solution File, Format Version 12.00
# Visual Studio 14
VisualStudioVersion = 14.0.25123.0
MinimumVisualStudioVersion = 10.0.40219.1
Project("{2150E333-8FDC-42A3-9474-1A3956D46DE8}") = "src", "src", "{16AFA570-F2A8-4248-B6BE-ABC78BCF7EE7}"
EndProject
Project("{2150E333-8FDC-42A3-9474-1A3956D46DE8}") = "Solution Items", "Solution Items", "{79D8E0C0-9916-4381-8A1B-DEF56ABD3BB4}"
	ProjectSection(SolutionItems) = preProject
		global.json = global.json
		README.md = README.md
	EndProjectSection
EndProject
Project("{8BB2217D-0F2D-49D1-97BC-3654ED321F3B}") = "losol.OfficeSpine", "src\losol.OfficeSpine\losol.OfficeSpine.xproj", "{B46CEE1B-B309-43BE-8A6B-53AF981CC8B7}"
EndProject
Global
	GlobalSection(SolutionConfigurationPlatforms) = preSolution
		Debug|Any CPU = Debug|Any CPU
		Release|Any CPU = Release|Any CPU
	EndGlobalSection
	GlobalSection(ProjectConfigurationPlatforms) = postSolution
		{B46CEE1B-B309-43BE-8A6B-53AF981CC8B7}.Debug|Any CPU.ActiveCfg = Debug|Any CPU
		{B46CEE1B-B309-43BE-8A6B-53AF981CC8B7}.Debug|Any CPU.Build.0 = Debug|Any CPU
		{B46CEE1B-B309-43BE-8A6B-53AF981CC8B7}.Release|Any CPU.ActiveCfg = Release|Any CPU
		{B46CEE1B-B309-43BE-8A6B-53AF981CC8B7}.Release|Any CPU.Build.0 = Release|Any CPU
	EndGlobalSection
	GlobalSection(SolutionProperties) = preSolution
		HideSolutionNode = FALSE
	EndGlobalSection
	GlobalSection(NestedProjects) = preSolution
		{B46CEE1B-B309-43BE-8A6B-53AF981CC8B7} = {16AFA570-F2A8-4248-B6BE-ABC78BCF7EE7}
	EndGlobalSection
EndGlobal
